
Microsoft Visual Studio Solution File, Format Version 12.00
# Visual Studio 2012
Project("{FAE04EC0-301F-11D3-BF4B-00C04F79EFBC}") = "BethanysPieShop", "BethanysPieShop\BethanysPieShop.csproj", "{FE39FEBE-D058-42ED-80D1-2032AE289E20}"
EndProject
Global
	GlobalSection(SolutionConfigurationPlatforms) = preSolution
		Debug|Any CPU = Debug|Any CPU
		Release|Any CPU = Release|Any CPU
	EndGlobalSection
	GlobalSection(ProjectConfigurationPlatforms) = postSolution
		{FE39FEBE-D058-42ED-80D1-2032AE289E20}.Debug|Any CPU.ActiveCfg = Debug|Any CPU
		{FE39FEBE-D058-42ED-80D1-2032AE289E20}.Debug|Any CPU.Build.0 = Debug|Any CPU
		{FE39FEBE-D058-42ED-80D1-2032AE289E20}.Release|Any CPU.ActiveCfg = Release|Any CPU
		{FE39FEBE-D058-42ED-80D1-2032AE289E20}.Release|Any CPU.Build.0 = Release|Any CPU
	EndGlobalSection
EndGlobal
